// !$*UTF8*$!
{
	archiveVersion = 1;
	classes = {
	};
	objectVersion = 50;
	objects = {

/* Begin PBXBuildFile section */
		0491C3E4270B886A00F9E99E /* AppDelegate.swift in Sources */ = {isa = PBXBuildFile; fileRef = 0491C3E3270B886A00F9E99E /* AppDelegate.swift */; };
		0491C3E6270B886A00F9E99E /* ViewController.swift in Sources */ = {isa = PBXBuildFile; fileRef = 0491C3E5270B886A00F9E99E /* ViewController.swift */; };
		0491C3E9270B886A00F9E99E /* Main.storyboard in Resources */ = {isa = PBXBuildFile; fileRef = 0491C3E7270B886A00F9E99E /* Main.storyboard */; };
		0491C3EB270B886B00F9E99E /* Assets.xcassets in Resources */ = {isa = PBXBuildFile; fileRef = 0491C3EA270B886B00F9E99E /* Assets.xcassets */; };
		0491C3EE270B886B00F9E99E /* LaunchScreen.storyboard in Resources */ = {isa = PBXBuildFile; fileRef = 0491C3EC270B886B00F9E99E /* LaunchScreen.storyboard */; };
		0491C3F6270B96C500F9E99E /* QuizViewController.swift in Sources */ = {isa = PBXBuildFile; fileRef = 0491C3F5270B96C500F9E99E /* QuizViewController.swift */; };
		0491C3F8270B96E600F9E99E /* ResultViewController.swift in Sources */ = {isa = PBXBuildFile; fileRef = 0491C3F7270B96E600F9E99E /* ResultViewController.swift */; };
		0491C3FA270B9AD100F9E99E /* Quiz.swift in Sources */ = {isa = PBXBuildFile; fileRef = 0491C3F9270B9AD100F9E99E /* Quiz.swift */; };
		0491C3FC270B9AF900F9E99E /* QuizManager.swift in Sources */ = {isa = PBXBuildFile; fileRef = 0491C3FB270B9AF900F9E99E /* QuizManager.swift */; };
/* End PBXBuildFile section */

/* Begin PBXFileReference section */
		0491C3E0270B886A00F9E99E /* Swift Quiz.app */ = {isa = PBXFileReference; explicitFileType = wrapper.application; includeInIndex = 0; path = "Swift Quiz.app"; sourceTree = BUILT_PRODUCTS_DIR; };
		0491C3E3270B886A00F9E99E /* AppDelegate.swift */ = {isa = PBXFileReference; lastKnownFileType = sourcecode.swift; path = AppDelegate.swift; sourceTree = "<group>"; };
		0491C3E5270B886A00F9E99E /* ViewController.swift */ = {isa = PBXFileReference; lastKnownFileType = sourcecode.swift; path = ViewController.swift; sourceTree = "<group>"; };
		0491C3E8270B886A00F9E99E /* Base */ = {isa = PBXFileReference; lastKnownFileType = file.storyboard; name = Base; path = Base.lproj/Main.storyboard; sourceTree = "<group>"; };
		0491C3EA270B886B00F9E99E /* Assets.xcassets */ = {isa = PBXFileReference; lastKnownFileType = folder.assetcatalog; path = Assets.xcassets; sourceTree = "<group>"; };
		0491C3ED270B886B00F9E99E /* Base */ = {isa = PBXFileReference; lastKnownFileType = file.storyboard; name = Base; path = Base.lproj/LaunchScreen.storyboard; sourceTree = "<group>"; };
		0491C3EF270B886B00F9E99E /* Info.plist */ = {isa = PBXFileReference; lastKnownFileType = text.plist.xml; path = Info.plist; sourceTree = "<group>"; };
		0491C3F5270B96C500F9E99E /* QuizViewController.swift */ = {isa = PBXFileReference; lastKnownFileType = sourcecode.swift; path = QuizViewController.swift; sourceTree = "<group>"; };
		0491C3F7270B96E600F9E99E /* ResultViewController.swift */ = {isa = PBXFileReference; lastKnownFileType = sourcecode.swift; path = ResultViewController.swift; sourceTree = "<group>"; };
		0491C3F9270B9AD100F9E99E /* Quiz.swift */ = {isa = PBXFileReference; lastKnownFileType = sourcecode.swift; path = Quiz.swift; sourceTree = "<group>"; };
		0491C3FB270B9AF900F9E99E /* QuizManager.swift */ = {isa = PBXFileReference; lastKnownFileType = sourcecode.swift; path = QuizManager.swift; sourceTree = "<group>"; };
/* End PBXFileReference section */

/* Begin PBXFrameworksBuildPhase section */
		0491C3DD270B886A00F9E99E /* Frameworks */ = {
			isa = PBXFrameworksBuildPhase;
			buildActionMask = 2147483647;
			files = (
			);
			runOnlyForDeploymentPostprocessing = 0;
		};
/* End PBXFrameworksBuildPhase section */

/* Begin PBXGroup section */
		0491C3D7270B886A00F9E99E = {
			isa = PBXGroup;
			children = (
				0491C3E2270B886A00F9E99E /* Swift Quiz */,
				0491C3E1270B886A00F9E99E /* Products */,
			);
			sourceTree = "<group>";
		};
		0491C3E1270B886A00F9E99E /* Products */ = {
			isa = PBXGroup;
			children = (
				0491C3E0270B886A00F9E99E /* Swift Quiz.app */,
			);
			name = Products;
			sourceTree = "<group>";
		};
		0491C3E2270B886A00F9E99E /* Swift Quiz */ = {
			isa = PBXGroup;
			children = (
				0491C3E3270B886A00F9E99E /* AppDelegate.swift */,
				0491C3E5270B886A00F9E99E /* ViewController.swift */,
				0491C3E7270B886A00F9E99E /* Main.storyboard */,
				0491C3FB270B9AF900F9E99E /* QuizManager.swift */,
				0491C3F5270B96C500F9E99E /* QuizViewController.swift */,
				0491C3F9270B9AD100F9E99E /* Quiz.swift */,
				0491C3F7270B96E600F9E99E /* ResultViewController.swift */,
				0491C3EA270B886B00F9E99E /* Assets.xcassets */,
				0491C3EC270B886B00F9E99E /* LaunchScreen.storyboard */,
				0491C3EF270B886B00F9E99E /* Info.plist */,
			);
			path = "Swift Quiz";
			sourceTree = "<group>";
		};
/* End PBXGroup section */

/* Begin PBXNativeTarget section */
		0491C3DF270B886A00F9E99E /* Swift Quiz */ = {
			isa = PBXNativeTarget;
			buildConfigurationList = 0491C3F2270B886C00F9E99E /* Build configuration list for PBXNativeTarget "Swift Quiz" */;
			buildPhases = (
				0491C3DC270B886A00F9E99E /* Sources */,
				0491C3DD270B886A00F9E99E /* Frameworks */,
				0491C3DE270B886A00F9E99E /* Resources */,
			);
			buildRules = (
			);
			dependencies = (
			);
			name = "Swift Quiz";
			productName = "Swift Quiz";
			productReference = 0491C3E0270B886A00F9E99E /* Swift Quiz.app */;
			productType = "com.apple.product-type.application";
		};
/* End PBXNativeTarget section */

/* Begin PBXProject section */
		0491C3D8270B886A00F9E99E /* Project object */ = {
			isa = PBXProject;
			attributes = {
				LastSwiftUpdateCheck = 1010;
				LastUpgradeCheck = 1010;
				ORGANIZATIONNAME = br.com.arthursilva;
				TargetAttributes = {
					0491C3DF270B886A00F9E99E = {
						CreatedOnToolsVersion = 10.1;
					};
				};
			};
			buildConfigurationList = 0491C3DB270B886A00F9E99E /* Build configuration list for PBXProject "Swift Quiz" */;
			compatibilityVersion = "Xcode 9.3";
			developmentRegion = en;
			hasScannedForEncodings = 0;
			knownRegions = (
				en,
				Base,
			);
			mainGroup = 0491C3D7270B886A00F9E99E;
			productRefGroup = 0491C3E1270B886A00F9E99E /* Products */;
			projectDirPath = "";
			projectRoot = "";
			targets = (
				0491C3DF270B886A00F9E99E /* Swift Quiz */,
			);
		};
/* End PBXProject section */

/* Begin PBXResourcesBuildPhase section */
		0491C3DE270B886A00F9E99E /* Resources */ = {
			isa = PBXResourcesBuildPhase;
			buildActionMask = 2147483647;
			files = (
				0491C3EE270B886B00F9E99E /* LaunchScreen.storyboard in Resources */,
				0491C3EB270B886B00F9E99E /* Assets.xcassets in Resources */,
				0491C3E9270B886A00F9E99E /* Main.storyboard in Resources */,
			);
			runOnlyForDeploymentPostprocessing = 0;
		};
/* End PBXResourcesBuildPhase section */

/* Begin PBXSourcesBuildPhase section */
		0491C3DC270B886A00F9E99E /* Sources */ = {
			isa = PBXSourcesBuildPhase;
			buildActionMask = 2147483647;
			files = (
				0491C3E6270B886A00F9E99E /* ViewController.swift in Sources */,
				0491C3FA270B9AD100F9E99E /* Quiz.swift in Sources */,
				0491C3E4270B886A00F9E99E /* AppDelegate.swift in Sources */,
				0491C3F6270B96C500F9E99E /* QuizViewController.swift in Sources */,
				0491C3FC270B9AF900F9E99E /* QuizManager.swift in Sources */,
				0491C3F8270B96E600F9E99E /* ResultViewController.swift in Sources */,
			);
			runOnlyForDeploymentPostprocessing = 0;
		};
/* End PBXSourcesBuildPhase section */

/* Begin PBXVariantGroup section */
		0491C3E7270B886A00F9E99E /* Main.storyboard */ = {
			isa = PBXVariantGroup;
			children = (
				0491C3E8270B886A00F9E99E /* Base */,
			);
			name = Main.storyboard;
			sourceTree = "<group>";
		};
		0491C3EC270B886B00F9E99E /* LaunchScreen.storyboard */ = {
			isa = PBXVariantGroup;
			children = (
				0491C3ED270B886B00F9E99E /* Base */,
			);
			name = LaunchScreen.storyboard;
			sourceTree = "<group>";
		};
/* End PBXVariantGroup section */

/* Begin XCBuildConfiguration section */
		0491C3F0270B886C00F9E99E /* Debug */ = {
			isa = XCBuildConfiguration;
			buildSettings = {
				ALWAYS_SEARCH_USER_PATHS = NO;
				CLANG_ANALYZER_NONNULL = YES;
				CLANG_ANALYZER_NUMBER_OBJECT_CONVERSION = YES_AGGRESSIVE;
				CLANG_CXX_LANGUAGE_STANDARD = "gnu++14";
				CLANG_CXX_LIBRARY = "libc++";
				CLANG_ENABLE_MODULES = YES;
				CLANG_ENABLE_OBJC_ARC = YES;
				CLANG_ENABLE_OBJC_WEAK = YES;
				CLANG_WARN_BLOCK_CAPTURE_AUTORELEASING = YES;
				CLANG_WARN_BOOL_CONVERSION = YES;
				CLANG_WARN_COMMA = YES;
				CLANG_WARN_CONSTANT_CONVERSION = YES;
				CLANG_WARN_DEPRECATED_OBJC_IMPLEMENTATIONS = YES;
				CLANG_WARN_DIRECT_OBJC_ISA_USAGE = YES_ERROR;
				CLANG_WARN_DOCUMENTATION_COMMENTS = YES;
				CLANG_WARN_EMPTY_BODY = YES;
				CLANG_WARN_ENUM_CONVERSION = YES;
				CLANG_WARN_INFINITE_RECURSION = YES;
				CLANG_WARN_INT_CONVERSION = YES;
				CLANG_WARN_NON_LITERAL_NULL_CONVERSION = YES;
				CLANG_WARN_OBJC_IMPLICIT_RETAIN_SELF = YES;
				CLANG_WARN_OBJC_LITERAL_CONVERSION = YES;
				CLANG_WARN_OBJC_ROOT_CLASS = YES_ERROR;
				CLANG_WARN_RANGE_LOOP_ANALYSIS = YES;
				CLANG_WARN_STRICT_PROTOTYPES = YES;
				CLANG_WARN_SUSPICIOUS_MOVE = YES;
				CLANG_WARN_UNGUARDED_AVAILABILITY = YES_AGGRESSIVE;
				CLANG_WARN_UNREACHABLE_CODE = YES;
				CLANG_WARN__DUPLICATE_METHOD_MATCH = YES;
				CODE_SIGN_IDENTITY = "iPhone Developer";
				COPY_PHASE_STRIP = NO;
				DEBUG_INFORMATION_FORMAT = dwarf;
				ENABLE_STRICT_OBJC_MSGSEND = YES;
				ENABLE_TESTABILITY = YES;
				GCC_C_LANGUAGE_STANDARD = gnu11;
				GCC_DYNAMIC_NO_PIC = NO;
				GCC_NO_COMMON_BLOCKS = YES;
				GCC_OPTIMIZATION_LEVEL = 0;
				GCC_PREPROCESSOR_DEFINITIONS = (
					"DEBUG=1",
					"$(inherited)",
				);
				GCC_WARN_64_TO_32_BIT_CONVERSION = YES;
				GCC_WARN_ABOUT_RETURN_TYPE = YES_ERROR;
				GCC_WARN_UNDECLARED_SELECTOR = YES;
				GCC_WARN_UNINITIALIZED_AUTOS = YES_AGGRESSIVE;
				GCC_WARN_UNUSED_FUNCTION = YES;
				GCC_WARN_UNUSED_VARIABLE = YES;
				IPHONEOS_DEPLOYMENT_TARGET = 12.1;
				MTL_ENABLE_DEBUG_INFO = INCLUDE_SOURCE;
				MTL_FAST_MATH = YES;
				ONLY_ACTIVE_ARCH = YES;
				SDKROOT = iphoneos;
				SWIFT_ACTIVE_COMPILATION_CONDITIONS = DEBUG;
				SWIFT_OPTIMIZATION_LEVEL = "-Onone";
			};
			name = Debug;
		};
		0491C3F1270B886C00F9E99E /* Release */ = {
			isa = XCBuildConfiguration;
			buildSettings = {
				ALWAYS_SEARCH_USER_PATHS = NO;
				CLANG_ANALYZER_NONNULL = YES;
				CLANG_ANALYZER_NUMBER_OBJECT_CONVERSION = YES_AGGRESSIVE;
				CLANG_CXX_LANGUAGE_STANDARD = "gnu++14";
				CLANG_CXX_LIBRARY = "libc++";
				CLANG_ENABLE_MODULES = YES;
				CLANG_ENABLE_OBJC_ARC = YES;
				CLANG_ENABLE_OBJC_WEAK = YES;
				CLANG_WARN_BLOCK_CAPTURE_AUTORELEASING = YES;
				CLANG_WARN_BOOL_CONVERSION = YES;
				CLANG_WARN_COMMA = YES;
				CLANG_WARN_CONSTANT_CONVERSION = YES;
				CLANG_WARN_DEPRECATED_OBJC_IMPLEMENTATIONS = YES;
				CLANG_WARN_DIRECT_OBJC_ISA_USAGE = YES_ERROR;
				CLANG_WARN_DOCUMENTATION_COMMENTS = YES;
				CLANG_WARN_EMPTY_BODY = YES;
				CLANG_WARN_ENUM_CONVERSION = YES;
				CLANG_WARN_INFINITE_RECURSION = YES;
				CLANG_WARN_INT_CONVERSION = YES;
				CLANG_WARN_NON_LITERAL_NULL_CONVERSION = YES;
				CLANG_WARN_OBJC_IMPLICIT_RETAIN_SELF = YES;
				CLANG_WARN_OBJC_LITERAL_CONVERSION = YES;
				CLANG_WARN_OBJC_ROOT_CLASS = YES_ERROR;
				CLANG_WARN_RANGE_LOOP_ANALYSIS = YES;
				CLANG_WARN_STRICT_PROTOTYPES = YES;
				CLANG_WARN_SUSPICIOUS_MOVE = YES;
				CLANG_WARN_UNGUARDED_AVAILABILITY = YES_AGGRESSIVE;
				CLANG_WARN_UNREACHABLE_CODE = YES;
				CLANG_WARN__DUPLICATE_METHOD_MATCH = YES;
				CODE_SIGN_IDENTITY = "iPhone Developer";
				COPY_PHASE_STRIP = NO;
				DEBUG_INFORMATION_FORMAT = "dwarf-with-dsym";
				ENABLE_NS_ASSERTIONS = NO;
				ENABLE_STRICT_OBJC_MSGSEND = YES;
				GCC_C_LANGUAGE_STANDARD = gnu11;
				GCC_NO_COMMON_BLOCKS = YES;
				GCC_WARN_64_TO_32_BIT_CONVERSION = YES;
				GCC_WARN_ABOUT_RETURN_TYPE = YES_ERROR;
				GCC_WARN_UNDECLARED_SELECTOR = YES;
				GCC_WARN_UNINITIALIZED_AUTOS = YES_AGGRESSIVE;
				GCC_WARN_UNUSED_FUNCTION = YES;
				GCC_WARN_UNUSED_VARIABLE = YES;
				IPHONEOS_DEPLOYMENT_TARGET = 12.1;
				MTL_ENABLE_DEBUG_INFO = NO;
				MTL_FAST_MATH = YES;
				SDKROOT = iphoneos;
				SWIFT_COMPILATION_MODE = wholemodule;
				SWIFT_OPTIMIZATION_LEVEL = "-O";
				VALIDATE_PRODUCT = YES;
			};
			name = Release;
		};
		0491C3F3270B886C00F9E99E /* Debug */ = {
			isa = XCBuildConfiguration;
			buildSettings = {
				ASSETCATALOG_COMPILER_APPICON_NAME = AppIcon;
				CODE_SIGN_STYLE = Automatic;
				DEVELOPMENT_TEAM = Y27FD8JCF2;
				INFOPLIST_FILE = "Swift Quiz/Info.plist";
				LD_RUNPATH_SEARCH_PATHS = (
					"$(inherited)",
					"@executable_path/Frameworks",
				);
				PRODUCT_BUNDLE_IDENTIFIER = "TechKing.Swift-Quiz";
				PRODUCT_NAME = "$(TARGET_NAME)";
				SWIFT_VERSION = 4.2;
				TARGETED_DEVICE_FAMILY = "1,2";
			};
			name = Debug;
		};
		0491C3F4270B886C00F9E99E /* Release */ = {
			isa = XCBuildConfiguration;
			buildSettings = {
				ASSETCATALOG_COMPILER_APPICON_NAME = AppIcon;
				CODE_SIGN_STYLE = Automatic;
				DEVELOPMENT_TEAM = Y27FD8JCF2;
				INFOPLIST_FILE = "Swift Quiz/Info.plist";
				LD_RUNPATH_SEARCH_PATHS = (
					"$(inherited)",
					"@executable_path/Frameworks",
				);
				PRODUCT_BUNDLE_IDENTIFIER = "TechKing.Swift-Quiz";
				PRODUCT_NAME = "$(TARGET_NAME)";
				SWIFT_VERSION = 4.2;
				TARGETED_DEVICE_FAMILY = "1,2";
			};
			name = Release;
		};
/* End XCBuildConfiguration section */

/* Begin XCConfigurationList section */
		0491C3DB270B886A00F9E99E /* Build configuration list for PBXProject "Swift Quiz" */ = {
			isa = XCConfigurationList;
			buildConfigurations = (
				0491C3F0270B886C00F9E99E /* Debug */,
				0491C3F1270B886C00F9E99E /* Release */,
			);
			defaultConfigurationIsVisible = 0;
			defaultConfigurationName = Release;
		};
		0491C3F2270B886C00F9E99E /* Build configuration list for PBXNativeTarget "Swift Quiz" */ = {
			isa = XCConfigurationList;
			buildConfigurations = (
				0491C3F3270B886C00F9E99E /* Debug */,
				0491C3F4270B886C00F9E99E /* Release */,
			);
			defaultConfigurationIsVisible = 0;
			defaultConfigurationName = Release;
		};
/* End XCConfigurationList section */
	};
	rootObject = 0491C3D8270B886A00F9E99E /* Project object */;
}
